// !$*UTF8*$!
{
	archiveVersion = 1;
	classes = {
	};
	objectVersion = 56;
	objects = {

/* Begin PBXBuildFile section */
		CB19B0A62B7520AA002487A4 /* Configuration.swift in Sources */ = {isa = PBXBuildFile; fileRef = CB19B0A52B7520AA002487A4 /* Configuration.swift */; };
		CBB5ABDA2B7FAAD900546D3B /* BrowsePhotosMiniApp.swift in Sources */ = {isa = PBXBuildFile; fileRef = CBB5ABD92B7FAAD900546D3B /* BrowsePhotosMiniApp.swift */; };
		CBB5ABE72B7FAAF900546D3B /* BrowsePhotos in Frameworks */ = {isa = PBXBuildFile; productRef = CBB5ABE62B7FAAF900546D3B /* BrowsePhotos */; };
		CBB5ABE92B7FAC6400546D3B /* Assets.xcassets in Resources */ = {isa = PBXBuildFile; fileRef = CBB5ABE82B7FAC6400546D3B /* Assets.xcassets */; };
		CBB5ABEB2B7FACF000546D3B /* Launch Screen.storyboard in Resources */ = {isa = PBXBuildFile; fileRef = CBB5ABEA2B7FACF000546D3B /* Launch Screen.storyboard */; };
		CBB5ABED2B7FB22E00546D3B /* Nearby in Frameworks */ = {isa = PBXBuildFile; productRef = CBB5ABEC2B7FB22E00546D3B /* Nearby */; };
		CBB5ABF52B7FB29C00546D3B /* NearbyMiniApp.swift in Sources */ = {isa = PBXBuildFile; fileRef = CBB5ABF42B7FB29C00546D3B /* NearbyMiniApp.swift */; };
		CBB5ABF92B7FB29D00546D3B /* Assets.xcassets in Resources */ = {isa = PBXBuildFile; fileRef = CBB5ABF82B7FB29D00546D3B /* Assets.xcassets */; };
		CBB5AC022B7FB2D200546D3B /* Launch Screen.storyboard in Resources */ = {isa = PBXBuildFile; fileRef = CBB5AC012B7FB2D200546D3B /* Launch Screen.storyboard */; };
		CBB5AC042B7FB2E300546D3B /* Nearby in Frameworks */ = {isa = PBXBuildFile; productRef = CBB5AC032B7FB2E300546D3B /* Nearby */; };
		CBCA46E52B7BCE2600CA6793 /* BrowsePhotos in Frameworks */ = {isa = PBXBuildFile; productRef = CBCA46E42B7BCE2600CA6793 /* BrowsePhotos */; };
		CBEDBA882B751CA400E2220E /* DemoApp.swift in Sources */ = {isa = PBXBuildFile; fileRef = CBEDBA872B751CA400E2220E /* DemoApp.swift */; };
		CBEDBA8C2B751CA500E2220E /* Assets.xcassets in Resources */ = {isa = PBXBuildFile; fileRef = CBEDBA8B2B751CA500E2220E /* Assets.xcassets */; };
		CBEDBA902B751CA500E2220E /* Preview Assets.xcassets in Resources */ = {isa = PBXBuildFile; fileRef = CBEDBA8F2B751CA500E2220E /* Preview Assets.xcassets */; };
/* End PBXBuildFile section */

/* Begin PBXFileReference section */
		CB19B0A22B751DC9002487A4 /* All Tests.xctestplan */ = {isa = PBXFileReference; lastKnownFileType = text; path = "All Tests.xctestplan"; sourceTree = "<group>"; };
		CB19B0A32B751EE5002487A4 /* Config.xcconfig */ = {isa = PBXFileReference; lastKnownFileType = text.xcconfig; path = Config.xcconfig; sourceTree = "<group>"; };
		CB19B0A42B75206E002487A4 /* Info.plist */ = {isa = PBXFileReference; lastKnownFileType = text.plist; path = Info.plist; sourceTree = "<group>"; };
		CB19B0A52B7520AA002487A4 /* Configuration.swift */ = {isa = PBXFileReference; lastKnownFileType = sourcecode.swift; path = Configuration.swift; sourceTree = "<group>"; };
		CBB5ABD72B7FAAD900546D3B /* BrowsePhotosMiniApp.app */ = {isa = PBXFileReference; explicitFileType = wrapper.application; includeInIndex = 0; path = BrowsePhotosMiniApp.app; sourceTree = BUILT_PRODUCTS_DIR; };
		CBB5ABD92B7FAAD900546D3B /* BrowsePhotosMiniApp.swift */ = {isa = PBXFileReference; lastKnownFileType = sourcecode.swift; path = BrowsePhotosMiniApp.swift; sourceTree = "<group>"; };
		CBB5ABE22B7FAADA00546D3B /* BrowsePhotosMiniApp.entitlements */ = {isa = PBXFileReference; lastKnownFileType = text.plist.entitlements; path = BrowsePhotosMiniApp.entitlements; sourceTree = "<group>"; };
		CBB5ABE82B7FAC6400546D3B /* Assets.xcassets */ = {isa = PBXFileReference; lastKnownFileType = folder.assetcatalog; path = Assets.xcassets; sourceTree = "<group>"; };
		CBB5ABEA2B7FACF000546D3B /* Launch Screen.storyboard */ = {isa = PBXFileReference; lastKnownFileType = file.storyboard; path = "Launch Screen.storyboard"; sourceTree = "<group>"; };
		CBB5ABF22B7FB29C00546D3B /* NearbyMiniApp.app */ = {isa = PBXFileReference; explicitFileType = wrapper.application; includeInIndex = 0; path = NearbyMiniApp.app; sourceTree = BUILT_PRODUCTS_DIR; };
		CBB5ABF42B7FB29C00546D3B /* NearbyMiniApp.swift */ = {isa = PBXFileReference; lastKnownFileType = sourcecode.swift; path = NearbyMiniApp.swift; sourceTree = "<group>"; };
		CBB5ABF82B7FB29D00546D3B /* Assets.xcassets */ = {isa = PBXFileReference; lastKnownFileType = folder.assetcatalog; path = Assets.xcassets; sourceTree = "<group>"; };
		CBB5ABFD2B7FB29D00546D3B /* NearbyMiniApp.entitlements */ = {isa = PBXFileReference; lastKnownFileType = text.plist.entitlements; path = NearbyMiniApp.entitlements; sourceTree = "<group>"; };
		CBB5AC012B7FB2D200546D3B /* Launch Screen.storyboard */ = {isa = PBXFileReference; lastKnownFileType = file.storyboard; path = "Launch Screen.storyboard"; sourceTree = "<group>"; };
		CBCA46E12B7A7E1300CA6793 /* Base */ = {isa = PBXFileReference; lastKnownFileType = wrapper; path = Base; sourceTree = "<group>"; };
		CBCB5C022B7A79B40021357A /* Core */ = {isa = PBXFileReference; lastKnownFileType = wrapper; path = Core; sourceTree = "<group>"; };
		CBCB5C052B7A7B070021357A /* Features */ = {isa = PBXFileReference; lastKnownFileType = wrapper; path = Features; sourceTree = "<group>"; };
		CBEDBA842B751CA400E2220E /* Demo.app */ = {isa = PBXFileReference; explicitFileType = wrapper.application; includeInIndex = 0; path = Demo.app; sourceTree = BUILT_PRODUCTS_DIR; };
		CBEDBA872B751CA400E2220E /* DemoApp.swift */ = {isa = PBXFileReference; lastKnownFileType = sourcecode.swift; path = DemoApp.swift; sourceTree = "<group>"; };
		CBEDBA8B2B751CA500E2220E /* Assets.xcassets */ = {isa = PBXFileReference; lastKnownFileType = folder.assetcatalog; path = Assets.xcassets; sourceTree = "<group>"; };
		CBEDBA8D2B751CA500E2220E /* Demo.entitlements */ = {isa = PBXFileReference; lastKnownFileType = text.plist.entitlements; path = Demo.entitlements; sourceTree = "<group>"; };
		CBEDBA8F2B751CA500E2220E /* Preview Assets.xcassets */ = {isa = PBXFileReference; lastKnownFileType = folder.assetcatalog; path = "Preview Assets.xcassets"; sourceTree = "<group>"; };
/* End PBXFileReference section */

/* Begin PBXFrameworksBuildPhase section */
		CBB5ABD42B7FAAD900546D3B /* Frameworks */ = {
			isa = PBXFrameworksBuildPhase;
			buildActionMask = 2147483647;
			files = (
				CBB5ABE72B7FAAF900546D3B /* BrowsePhotos in Frameworks */,
			);
			runOnlyForDeploymentPostprocessing = 0;
		};
		CBB5ABEF2B7FB29C00546D3B /* Frameworks */ = {
			isa = PBXFrameworksBuildPhase;
			buildActionMask = 2147483647;
			files = (
				CBB5AC042B7FB2E300546D3B /* Nearby in Frameworks */,
			);
			runOnlyForDeploymentPostprocessing = 0;
		};
		CBEDBA812B751CA400E2220E /* Frameworks */ = {
			isa = PBXFrameworksBuildPhase;
			buildActionMask = 2147483647;
			files = (
				CBCA46E52B7BCE2600CA6793 /* BrowsePhotos in Frameworks */,
				CBB5ABED2B7FB22E00546D3B /* Nearby in Frameworks */,
			);
			runOnlyForDeploymentPostprocessing = 0;
		};
/* End PBXFrameworksBuildPhase section */

/* Begin PBXGroup section */
		CBB5ABD82B7FAAD900546D3B /* BrowsePhotosMiniApp */ = {
			isa = PBXGroup;
			children = (
				CBB5ABD92B7FAAD900546D3B /* BrowsePhotosMiniApp.swift */,
				CBB5ABE22B7FAADA00546D3B /* BrowsePhotosMiniApp.entitlements */,
				CBB5ABEA2B7FACF000546D3B /* Launch Screen.storyboard */,
				CBB5ABE82B7FAC6400546D3B /* Assets.xcassets */,
			);
			path = BrowsePhotosMiniApp;
			sourceTree = "<group>";
		};
		CBB5ABF32B7FB29C00546D3B /* NearbyMiniApp */ = {
			isa = PBXGroup;
			children = (
				CBB5ABF42B7FB29C00546D3B /* NearbyMiniApp.swift */,
				CBB5AC012B7FB2D200546D3B /* Launch Screen.storyboard */,
				CBB5ABF82B7FB29D00546D3B /* Assets.xcassets */,
				CBB5ABFD2B7FB29D00546D3B /* NearbyMiniApp.entitlements */,
			);
			path = NearbyMiniApp;
			sourceTree = "<group>";
		};
		CBCB5BF72B7642580021357A /* Frameworks */ = {
			isa = PBXGroup;
			children = (
			);
			name = Frameworks;
			sourceTree = "<group>";
		};
		CBCB5BFD2B7A77140021357A /* Screens */ = {
			isa = PBXGroup;
			children = (
			);
			path = Screens;
			sourceTree = "<group>";
		};
		CBEDBA7B2B751CA400E2220E = {
			isa = PBXGroup;
			children = (
				CB19B0A22B751DC9002487A4 /* All Tests.xctestplan */,
				CBCA46E12B7A7E1300CA6793 /* Base */,
				CBCB5C022B7A79B40021357A /* Core */,
				CBCB5C052B7A7B070021357A /* Features */,
				CBEDBA862B751CA400E2220E /* Demo */,
				CBB5ABD82B7FAAD900546D3B /* BrowsePhotosMiniApp */,
				CBB5ABF32B7FB29C00546D3B /* NearbyMiniApp */,
				CBEDBA852B751CA400E2220E /* Products */,
				CBCB5BF72B7642580021357A /* Frameworks */,
			);
			sourceTree = "<group>";
		};
		CBEDBA852B751CA400E2220E /* Products */ = {
			isa = PBXGroup;
			children = (
				CBEDBA842B751CA400E2220E /* Demo.app */,
				CBB5ABD72B7FAAD900546D3B /* BrowsePhotosMiniApp.app */,
				CBB5ABF22B7FB29C00546D3B /* NearbyMiniApp.app */,
			);
			name = Products;
			sourceTree = "<group>";
		};
		CBEDBA862B751CA400E2220E /* Demo */ = {
			isa = PBXGroup;
			children = (
				CBEDBA872B751CA400E2220E /* DemoApp.swift */,
				CBCB5BFD2B7A77140021357A /* Screens */,
				CBEDBA8D2B751CA500E2220E /* Demo.entitlements */,
				CB19B0A42B75206E002487A4 /* Info.plist */,
				CB19B0A52B7520AA002487A4 /* Configuration.swift */,
				CBEDBA8B2B751CA500E2220E /* Assets.xcassets */,
				CB19B0A32B751EE5002487A4 /* Config.xcconfig */,
				CBEDBA8E2B751CA500E2220E /* Preview Content */,
			);
			path = Demo;
			sourceTree = "<group>";
		};
		CBEDBA8E2B751CA500E2220E /* Preview Content */ = {
			isa = PBXGroup;
			children = (
				CBEDBA8F2B751CA500E2220E /* Preview Assets.xcassets */,
			);
			path = "Preview Content";
			sourceTree = "<group>";
		};
/* End PBXGroup section */

/* Begin PBXNativeTarget section */
		CBB5ABD62B7FAAD900546D3B /* BrowsePhotosMiniApp */ = {
			isa = PBXNativeTarget;
			buildConfigurationList = CBB5ABE52B7FAADA00546D3B /* Build configuration list for PBXNativeTarget "BrowsePhotosMiniApp" */;
			buildPhases = (
				CBB5ABD32B7FAAD900546D3B /* Sources */,
				CBB5ABD42B7FAAD900546D3B /* Frameworks */,
				CBB5ABD52B7FAAD900546D3B /* Resources */,
			);
			buildRules = (
			);
			dependencies = (
			);
			name = BrowsePhotosMiniApp;
			packageProductDependencies = (
				CBB5ABE62B7FAAF900546D3B /* BrowsePhotos */,
			);
			productName = BrowsePhotosMiniApp;
			productReference = CBB5ABD72B7FAAD900546D3B /* BrowsePhotosMiniApp.app */;
			productType = "com.apple.product-type.application";
		};
		CBB5ABF12B7FB29C00546D3B /* NearbyMiniApp */ = {
			isa = PBXNativeTarget;
			buildConfigurationList = CBB5ABFE2B7FB29D00546D3B /* Build configuration list for PBXNativeTarget "NearbyMiniApp" */;
			buildPhases = (
				CBB5ABEE2B7FB29C00546D3B /* Sources */,
				CBB5ABEF2B7FB29C00546D3B /* Frameworks */,
				CBB5ABF02B7FB29C00546D3B /* Resources */,
			);
			buildRules = (
			);
			dependencies = (
			);
			name = NearbyMiniApp;
			packageProductDependencies = (
				CBB5AC032B7FB2E300546D3B /* Nearby */,
			);
			productName = NearbyMiniApp;
			productReference = CBB5ABF22B7FB29C00546D3B /* NearbyMiniApp.app */;
			productType = "com.apple.product-type.application";
		};
		CBEDBA832B751CA400E2220E /* Demo */ = {
			isa = PBXNativeTarget;
			buildConfigurationList = CBEDBAA92B751CA600E2220E /* Build configuration list for PBXNativeTarget "Demo" */;
			buildPhases = (
				CBEDBA802B751CA400E2220E /* Sources */,
				CBEDBA812B751CA400E2220E /* Frameworks */,
				CBEDBA822B751CA400E2220E /* Resources */,
			);
			buildRules = (
			);
			dependencies = (
			);
			name = Demo;
			packageProductDependencies = (
				CBCA46E42B7BCE2600CA6793 /* BrowsePhotos */,
				CBB5ABEC2B7FB22E00546D3B /* Nearby */,
			);
			productName = Demo;
			productReference = CBEDBA842B751CA400E2220E /* Demo.app */;
			productType = "com.apple.product-type.application";
		};
/* End PBXNativeTarget section */

/* Begin PBXProject section */
		CBEDBA7C2B751CA400E2220E /* Project object */ = {
			isa = PBXProject;
			attributes = {
				BuildIndependentTargetsInParallel = 1;
				LastSwiftUpdateCheck = 1510;
				LastUpgradeCheck = 1510;
				TargetAttributes = {
					CBB5ABD62B7FAAD900546D3B = {
						CreatedOnToolsVersion = 15.1;
					};
					CBB5ABF12B7FB29C00546D3B = {
						CreatedOnToolsVersion = 15.1;
					};
					CBEDBA832B751CA400E2220E = {
						CreatedOnToolsVersion = 15.1;
					};
				};
			};
			buildConfigurationList = CBEDBA7F2B751CA400E2220E /* Build configuration list for PBXProject "Demo" */;
			compatibilityVersion = "Xcode 14.0";
			developmentRegion = en;
			hasScannedForEncodings = 0;
			knownRegions = (
				en,
				Base,
			);
			mainGroup = CBEDBA7B2B751CA400E2220E;
			productRefGroup = CBEDBA852B751CA400E2220E /* Products */;
			projectDirPath = "";
			projectRoot = "";
			targets = (
				CBEDBA832B751CA400E2220E /* Demo */,
				CBB5ABD62B7FAAD900546D3B /* BrowsePhotosMiniApp */,
				CBB5ABF12B7FB29C00546D3B /* NearbyMiniApp */,
			);
		};
/* End PBXProject section */

/* Begin PBXResourcesBuildPhase section */
		CBB5ABD52B7FAAD900546D3B /* Resources */ = {
			isa = PBXResourcesBuildPhase;
			buildActionMask = 2147483647;
			files = (
				CBB5ABEB2B7FACF000546D3B /* Launch Screen.storyboard in Resources */,
				CBB5ABE92B7FAC6400546D3B /* Assets.xcassets in Resources */,
			);
			runOnlyForDeploymentPostprocessing = 0;
		};
		CBB5ABF02B7FB29C00546D3B /* Resources */ = {
			isa = PBXResourcesBuildPhase;
			buildActionMask = 2147483647;
			files = (
				CBB5AC022B7FB2D200546D3B /* Launch Screen.storyboard in Resources */,
				CBB5ABF92B7FB29D00546D3B /* Assets.xcassets in Resources */,
			);
			runOnlyForDeploymentPostprocessing = 0;
		};
		CBEDBA822B751CA400E2220E /* Resources */ = {
			isa = PBXResourcesBuildPhase;
			buildActionMask = 2147483647;
			files = (
				CBEDBA902B751CA500E2220E /* Preview Assets.xcassets in Resources */,
				CBEDBA8C2B751CA500E2220E /* Assets.xcassets in Resources */,
			);
			runOnlyForDeploymentPostprocessing = 0;
		};
/* End PBXResourcesBuildPhase section */

/* Begin PBXSourcesBuildPhase section */
		CBB5ABD32B7FAAD900546D3B /* Sources */ = {
			isa = PBXSourcesBuildPhase;
			buildActionMask = 2147483647;
			files = (
				CBB5ABDA2B7FAAD900546D3B /* BrowsePhotosMiniApp.swift in Sources */,
			);
			runOnlyForDeploymentPostprocessing = 0;
		};
		CBB5ABEE2B7FB29C00546D3B /* Sources */ = {
			isa = PBXSourcesBuildPhase;
			buildActionMask = 2147483647;
			files = (
				CBB5ABF52B7FB29C00546D3B /* NearbyMiniApp.swift in Sources */,
			);
			runOnlyForDeploymentPostprocessing = 0;
		};
		CBEDBA802B751CA400E2220E /* Sources */ = {
			isa = PBXSourcesBuildPhase;
			buildActionMask = 2147483647;
			files = (
				CB19B0A62B7520AA002487A4 /* Configuration.swift in Sources */,
				CBEDBA882B751CA400E2220E /* DemoApp.swift in Sources */,
			);
			runOnlyForDeploymentPostprocessing = 0;
		};
/* End PBXSourcesBuildPhase section */

/* Begin XCBuildConfiguration section */
		CBB5ABE32B7FAADA00546D3B /* Debug */ = {
			isa = XCBuildConfiguration;
			buildSettings = {
				ASSETCATALOG_COMPILER_APPICON_NAME = AppIcon;
				ASSETCATALOG_COMPILER_GLOBAL_ACCENT_COLOR_NAME = AccentColor;
				CODE_SIGN_ENTITLEMENTS = BrowsePhotosMiniApp/BrowsePhotosMiniApp.entitlements;
				CODE_SIGN_STYLE = Automatic;
				COMBINE_HIDPI_IMAGES = YES;
				CURRENT_PROJECT_VERSION = 1;
				ENABLE_PREVIEWS = YES;
				GENERATE_INFOPLIST_FILE = YES;
				INFOPLIST_KEY_CFBundleDisplayName = "Browse Photos";
				INFOPLIST_KEY_NSHumanReadableCopyright = "";
				INFOPLIST_KEY_UILaunchStoryboardName = "Launch Screen.storyboard";
				INFOPLIST_KEY_UISupportedInterfaceOrientations = "UIInterfaceOrientationLandscapeLeft UIInterfaceOrientationLandscapeRight UIInterfaceOrientationPortrait";
				INFOPLIST_KEY_UISupportedInterfaceOrientations_iPad = UIInterfaceOrientationPortrait;
				LD_RUNPATH_SEARCH_PATHS = (
					"$(inherited)",
					"@executable_path/../Frameworks",
				);
				MACOSX_DEPLOYMENT_TARGET = 14.2;
				MARKETING_VERSION = 1.0;
				PRODUCT_BUNDLE_IDENTIFIER = com.blork.BrowsePhotosMiniApp;
				PRODUCT_NAME = "$(TARGET_NAME)";
				SDKROOT = macosx;
				SUPPORTED_PLATFORMS = "iphoneos iphonesimulator";
				SUPPORTS_MACCATALYST = NO;
				SWIFT_EMIT_LOC_STRINGS = YES;
				SWIFT_VERSION = 5.0;
				TARGETED_DEVICE_FAMILY = 1;
			};
			name = Debug;
		};
		CBB5ABE42B7FAADA00546D3B /* Release */ = {
			isa = XCBuildConfiguration;
			buildSettings = {
				ASSETCATALOG_COMPILER_APPICON_NAME = AppIcon;
				ASSETCATALOG_COMPILER_GLOBAL_ACCENT_COLOR_NAME = AccentColor;
				CODE_SIGN_ENTITLEMENTS = BrowsePhotosMiniApp/BrowsePhotosMiniApp.entitlements;
				CODE_SIGN_STYLE = Automatic;
				COMBINE_HIDPI_IMAGES = YES;
				CURRENT_PROJECT_VERSION = 1;
				ENABLE_PREVIEWS = YES;
				GENERATE_INFOPLIST_FILE = YES;
				INFOPLIST_KEY_CFBundleDisplayName = "Browse Photos";
				INFOPLIST_KEY_NSHumanReadableCopyright = "";
				INFOPLIST_KEY_UILaunchStoryboardName = "Launch Screen.storyboard";
				INFOPLIST_KEY_UISupportedInterfaceOrientations = "UIInterfaceOrientationLandscapeLeft UIInterfaceOrientationLandscapeRight UIInterfaceOrientationPortrait";
				INFOPLIST_KEY_UISupportedInterfaceOrientations_iPad = UIInterfaceOrientationPortrait;
				LD_RUNPATH_SEARCH_PATHS = (
					"$(inherited)",
					"@executable_path/../Frameworks",
				);
				MACOSX_DEPLOYMENT_TARGET = 14.2;
				MARKETING_VERSION = 1.0;
				PRODUCT_BUNDLE_IDENTIFIER = com.blork.BrowsePhotosMiniApp;
				PRODUCT_NAME = "$(TARGET_NAME)";
				SDKROOT = macosx;
				SUPPORTED_PLATFORMS = "iphoneos iphonesimulator";
				SUPPORTS_MACCATALYST = NO;
				SWIFT_EMIT_LOC_STRINGS = YES;
				SWIFT_VERSION = 5.0;
				TARGETED_DEVICE_FAMILY = 1;
			};
			name = Release;
		};
		CBB5ABFF2B7FB29D00546D3B /* Debug */ = {
			isa = XCBuildConfiguration;
			buildSettings = {
				ASSETCATALOG_COMPILER_APPICON_NAME = AppIcon;
				ASSETCATALOG_COMPILER_GLOBAL_ACCENT_COLOR_NAME = AccentColor;
				CODE_SIGN_ENTITLEMENTS = NearbyMiniApp/NearbyMiniApp.entitlements;
				CODE_SIGN_STYLE = Automatic;
				COMBINE_HIDPI_IMAGES = YES;
				CURRENT_PROJECT_VERSION = 1;
				DEVELOPMENT_ASSET_PATHS = "";
				ENABLE_PREVIEWS = YES;
				GENERATE_INFOPLIST_FILE = YES;
				INFOPLIST_KEY_CFBundleDisplayName = Nearby;
				INFOPLIST_KEY_NSHumanReadableCopyright = "";
				INFOPLIST_KEY_UILaunchStoryboardName = "Launch Screen.storyboard";
				INFOPLIST_KEY_UISupportedInterfaceOrientations = "UIInterfaceOrientationLandscapeLeft UIInterfaceOrientationLandscapeRight UIInterfaceOrientationPortrait";
				INFOPLIST_KEY_UISupportedInterfaceOrientations_iPad = UIInterfaceOrientationPortrait;
				LD_RUNPATH_SEARCH_PATHS = (
					"$(inherited)",
					"@executable_path/../Frameworks",
				);
				MACOSX_DEPLOYMENT_TARGET = 14.2;
				MARKETING_VERSION = 1.0;
				PRODUCT_BUNDLE_IDENTIFIER = com.blork.NearbyMiniApp;
				PRODUCT_NAME = "$(TARGET_NAME)";
				SDKROOT = macosx;
				SUPPORTED_PLATFORMS = "iphoneos iphonesimulator";
				SUPPORTS_MACCATALYST = NO;
				SWIFT_EMIT_LOC_STRINGS = YES;
				SWIFT_VERSION = 5.0;
				TARGETED_DEVICE_FAMILY = 1;
			};
			name = Debug;
		};
		CBB5AC002B7FB29D00546D3B /* Release */ = {
			isa = XCBuildConfiguration;
			buildSettings = {
				ASSETCATALOG_COMPILER_APPICON_NAME = AppIcon;
				ASSETCATALOG_COMPILER_GLOBAL_ACCENT_COLOR_NAME = AccentColor;
				CODE_SIGN_ENTITLEMENTS = NearbyMiniApp/NearbyMiniApp.entitlements;
				CODE_SIGN_STYLE = Automatic;
				COMBINE_HIDPI_IMAGES = YES;
				CURRENT_PROJECT_VERSION = 1;
				DEVELOPMENT_ASSET_PATHS = "";
				ENABLE_PREVIEWS = YES;
				GENERATE_INFOPLIST_FILE = YES;
				INFOPLIST_KEY_CFBundleDisplayName = Nearby;
				INFOPLIST_KEY_NSHumanReadableCopyright = "";
				INFOPLIST_KEY_UILaunchStoryboardName = "Launch Screen.storyboard";
				INFOPLIST_KEY_UISupportedInterfaceOrientations = "UIInterfaceOrientationLandscapeLeft UIInterfaceOrientationLandscapeRight UIInterfaceOrientationPortrait";
				INFOPLIST_KEY_UISupportedInterfaceOrientations_iPad = UIInterfaceOrientationPortrait;
				LD_RUNPATH_SEARCH_PATHS = (
					"$(inherited)",
					"@executable_path/../Frameworks",
				);
				MACOSX_DEPLOYMENT_TARGET = 14.2;
				MARKETING_VERSION = 1.0;
				PRODUCT_BUNDLE_IDENTIFIER = com.blork.NearbyMiniApp;
				PRODUCT_NAME = "$(TARGET_NAME)";
				SDKROOT = macosx;
				SUPPORTED_PLATFORMS = "iphoneos iphonesimulator";
				SUPPORTS_MACCATALYST = NO;
				SWIFT_EMIT_LOC_STRINGS = YES;
				SWIFT_VERSION = 5.0;
				TARGETED_DEVICE_FAMILY = 1;
			};
			name = Release;
		};
		CBEDBAA72B751CA600E2220E /* Debug */ = {
			isa = XCBuildConfiguration;
			buildSettings = {
				ALWAYS_SEARCH_USER_PATHS = NO;
				ASSETCATALOG_COMPILER_GENERATE_SWIFT_ASSET_SYMBOL_EXTENSIONS = YES;
				CLANG_ANALYZER_NONNULL = YES;
				CLANG_ANALYZER_NUMBER_OBJECT_CONVERSION = YES_AGGRESSIVE;
				CLANG_CXX_LANGUAGE_STANDARD = "gnu++20";
				CLANG_ENABLE_MODULES = YES;
				CLANG_ENABLE_OBJC_ARC = YES;
				CLANG_ENABLE_OBJC_WEAK = YES;
				CLANG_WARN_BLOCK_CAPTURE_AUTORELEASING = YES;
				CLANG_WARN_BOOL_CONVERSION = YES;
				CLANG_WARN_COMMA = YES;
				CLANG_WARN_CONSTANT_CONVERSION = YES;
				CLANG_WARN_DEPRECATED_OBJC_IMPLEMENTATIONS = YES;
				CLANG_WARN_DIRECT_OBJC_ISA_USAGE = YES_ERROR;
				CLANG_WARN_DOCUMENTATION_COMMENTS = YES;
				CLANG_WARN_EMPTY_BODY = YES;
				CLANG_WARN_ENUM_CONVERSION = YES;
				CLANG_WARN_INFINITE_RECURSION = YES;
				CLANG_WARN_INT_CONVERSION = YES;
				CLANG_WARN_NON_LITERAL_NULL_CONVERSION = YES;
				CLANG_WARN_OBJC_IMPLICIT_RETAIN_SELF = YES;
				CLANG_WARN_OBJC_LITERAL_CONVERSION = YES;
				CLANG_WARN_OBJC_ROOT_CLASS = YES_ERROR;
				CLANG_WARN_QUOTED_INCLUDE_IN_FRAMEWORK_HEADER = YES;
				CLANG_WARN_RANGE_LOOP_ANALYSIS = YES;
				CLANG_WARN_STRICT_PROTOTYPES = YES;
				CLANG_WARN_SUSPICIOUS_MOVE = YES;
				CLANG_WARN_UNGUARDED_AVAILABILITY = YES_AGGRESSIVE;
				CLANG_WARN_UNREACHABLE_CODE = YES;
				CLANG_WARN__DUPLICATE_METHOD_MATCH = YES;
				COPY_PHASE_STRIP = NO;
				DEBUG_INFORMATION_FORMAT = dwarf;
				ENABLE_STRICT_OBJC_MSGSEND = YES;
				ENABLE_TESTABILITY = YES;
				ENABLE_USER_SCRIPT_SANDBOXING = YES;
				GCC_C_LANGUAGE_STANDARD = gnu17;
				GCC_DYNAMIC_NO_PIC = NO;
				GCC_NO_COMMON_BLOCKS = YES;
				GCC_OPTIMIZATION_LEVEL = 0;
				GCC_PREPROCESSOR_DEFINITIONS = (
					"DEBUG=1",
					"$(inherited)",
				);
				GCC_WARN_64_TO_32_BIT_CONVERSION = YES;
				GCC_WARN_ABOUT_RETURN_TYPE = YES_ERROR;
				GCC_WARN_UNDECLARED_SELECTOR = YES;
				GCC_WARN_UNINITIALIZED_AUTOS = YES_AGGRESSIVE;
				GCC_WARN_UNUSED_FUNCTION = YES;
				GCC_WARN_UNUSED_VARIABLE = YES;
				LOCALIZATION_PREFERS_STRING_CATALOGS = YES;
				MTL_ENABLE_DEBUG_INFO = INCLUDE_SOURCE;
				MTL_FAST_MATH = YES;
				ONLY_ACTIVE_ARCH = YES;
				SWIFT_ACTIVE_COMPILATION_CONDITIONS = "DEBUG $(inherited)";
				SWIFT_OPTIMIZATION_LEVEL = "-Onone";
			};
			name = Debug;
		};
		CBEDBAA82B751CA600E2220E /* Release */ = {
			isa = XCBuildConfiguration;
			buildSettings = {
				ALWAYS_SEARCH_USER_PATHS = NO;
				ASSETCATALOG_COMPILER_GENERATE_SWIFT_ASSET_SYMBOL_EXTENSIONS = YES;
				CLANG_ANALYZER_NONNULL = YES;
				CLANG_ANALYZER_NUMBER_OBJECT_CONVERSION = YES_AGGRESSIVE;
				CLANG_CXX_LANGUAGE_STANDARD = "gnu++20";
				CLANG_ENABLE_MODULES = YES;
				CLANG_ENABLE_OBJC_ARC = YES;
				CLANG_ENABLE_OBJC_WEAK = YES;
				CLANG_WARN_BLOCK_CAPTURE_AUTORELEASING = YES;
				CLANG_WARN_BOOL_CONVERSION = YES;
				CLANG_WARN_COMMA = YES;
				CLANG_WARN_CONSTANT_CONVERSION = YES;
				CLANG_WARN_DEPRECATED_OBJC_IMPLEMENTATIONS = YES;
				CLANG_WARN_DIRECT_OBJC_ISA_USAGE = YES_ERROR;
				CLANG_WARN_DOCUMENTATION_COMMENTS = YES;
				CLANG_WARN_EMPTY_BODY = YES;
				CLANG_WARN_ENUM_CONVERSION = YES;
				CLANG_WARN_INFINITE_RECURSION = YES;
				CLANG_WARN_INT_CONVERSION = YES;
				CLANG_WARN_NON_LITERAL_NULL_CONVERSION = YES;
				CLANG_WARN_OBJC_IMPLICIT_RETAIN_SELF = YES;
				CLANG_WARN_OBJC_LITERAL_CONVERSION = YES;
				CLANG_WARN_OBJC_ROOT_CLASS = YES_ERROR;
				CLANG_WARN_QUOTED_INCLUDE_IN_FRAMEWORK_HEADER = YES;
				CLANG_WARN_RANGE_LOOP_ANALYSIS = YES;
				CLANG_WARN_STRICT_PROTOTYPES = YES;
				CLANG_WARN_SUSPICIOUS_MOVE = YES;
				CLANG_WARN_UNGUARDED_AVAILABILITY = YES_AGGRESSIVE;
				CLANG_WARN_UNREACHABLE_CODE = YES;
				CLANG_WARN__DUPLICATE_METHOD_MATCH = YES;
				COPY_PHASE_STRIP = NO;
				DEBUG_INFORMATION_FORMAT = "dwarf-with-dsym";
				ENABLE_NS_ASSERTIONS = NO;
				ENABLE_STRICT_OBJC_MSGSEND = YES;
				ENABLE_USER_SCRIPT_SANDBOXING = YES;
				GCC_C_LANGUAGE_STANDARD = gnu17;
				GCC_NO_COMMON_BLOCKS = YES;
				GCC_WARN_64_TO_32_BIT_CONVERSION = YES;
				GCC_WARN_ABOUT_RETURN_TYPE = YES_ERROR;
				GCC_WARN_UNDECLARED_SELECTOR = YES;
				GCC_WARN_UNINITIALIZED_AUTOS = YES_AGGRESSIVE;
				GCC_WARN_UNUSED_FUNCTION = YES;
				GCC_WARN_UNUSED_VARIABLE = YES;
				LOCALIZATION_PREFERS_STRING_CATALOGS = YES;
				MTL_ENABLE_DEBUG_INFO = NO;
				MTL_FAST_MATH = YES;
				SWIFT_COMPILATION_MODE = wholemodule;
			};
			name = Release;
		};
		CBEDBAAA2B751CA600E2220E /* Debug */ = {
			isa = XCBuildConfiguration;
			baseConfigurationReference = CB19B0A32B751EE5002487A4 /* Config.xcconfig */;
			buildSettings = {
				ASSETCATALOG_COMPILER_APPICON_NAME = AppIcon;
				ASSETCATALOG_COMPILER_GLOBAL_ACCENT_COLOR_NAME = AccentColor;
				CODE_SIGN_ENTITLEMENTS = Demo/Demo.entitlements;
				CODE_SIGN_STYLE = Automatic;
				CURRENT_PROJECT_VERSION = 1;
				DEVELOPMENT_ASSET_PATHS = "\"Demo/Preview Content\"";
				ENABLE_PREVIEWS = YES;
				GENERATE_INFOPLIST_FILE = YES;
				INFOPLIST_FILE = Demo/Info.plist;
				"INFOPLIST_KEY_UIApplicationSceneManifest_Generation[sdk=iphoneos*]" = YES;
				"INFOPLIST_KEY_UIApplicationSceneManifest_Generation[sdk=iphonesimulator*]" = YES;
				"INFOPLIST_KEY_UIApplicationSupportsIndirectInputEvents[sdk=iphoneos*]" = YES;
				"INFOPLIST_KEY_UIApplicationSupportsIndirectInputEvents[sdk=iphonesimulator*]" = YES;
				"INFOPLIST_KEY_UILaunchScreen_Generation[sdk=iphoneos*]" = YES;
				"INFOPLIST_KEY_UILaunchScreen_Generation[sdk=iphonesimulator*]" = YES;
				"INFOPLIST_KEY_UIStatusBarStyle[sdk=iphoneos*]" = UIStatusBarStyleDefault;
				"INFOPLIST_KEY_UIStatusBarStyle[sdk=iphonesimulator*]" = UIStatusBarStyleDefault;
				INFOPLIST_KEY_UISupportedInterfaceOrientations_iPad = "UIInterfaceOrientationPortrait UIInterfaceOrientationPortraitUpsideDown UIInterfaceOrientationLandscapeLeft UIInterfaceOrientationLandscapeRight";
				INFOPLIST_KEY_UISupportedInterfaceOrientations_iPhone = "UIInterfaceOrientationPortrait UIInterfaceOrientationLandscapeLeft UIInterfaceOrientationLandscapeRight";
				IPHONEOS_DEPLOYMENT_TARGET = 17.2;
				LD_RUNPATH_SEARCH_PATHS = "@executable_path/Frameworks";
				"LD_RUNPATH_SEARCH_PATHS[sdk=macosx*]" = "@executable_path/../Frameworks";
				MACOSX_DEPLOYMENT_TARGET = 14.2;
				MARKETING_VERSION = 1.0;
				PRODUCT_BUNDLE_IDENTIFIER = com.blork.Demo;
				PRODUCT_NAME = "$(TARGET_NAME)";
				SDKROOT = auto;
				SUPPORTED_PLATFORMS = "iphoneos iphonesimulator";
				SUPPORTS_MACCATALYST = NO;
				SWIFT_EMIT_LOC_STRINGS = YES;
				SWIFT_VERSION = 5.0;
				TARGETED_DEVICE_FAMILY = 1;
			};
			name = Debug;
		};
		CBEDBAAB2B751CA600E2220E /* Release */ = {
			isa = XCBuildConfiguration;
			baseConfigurationReference = CB19B0A32B751EE5002487A4 /* Config.xcconfig */;
			buildSettings = {
				ASSETCATALOG_COMPILER_APPICON_NAME = AppIcon;
				ASSETCATALOG_COMPILER_GLOBAL_ACCENT_COLOR_NAME = AccentColor;
				CODE_SIGN_ENTITLEMENTS = Demo/Demo.entitlements;
				CODE_SIGN_STYLE = Automatic;
				CURRENT_PROJECT_VERSION = 1;
				DEVELOPMENT_ASSET_PATHS = "\"Demo/Preview Content\"";
				ENABLE_PREVIEWS = YES;
				GENERATE_INFOPLIST_FILE = YES;
				INFOPLIST_FILE = Demo/Info.plist;
				"INFOPLIST_KEY_UIApplicationSceneManifest_Generation[sdk=iphoneos*]" = YES;
				"INFOPLIST_KEY_UIApplicationSceneManifest_Generation[sdk=iphonesimulator*]" = YES;
				"INFOPLIST_KEY_UIApplicationSupportsIndirectInputEvents[sdk=iphoneos*]" = YES;
				"INFOPLIST_KEY_UIApplicationSupportsIndirectInputEvents[sdk=iphonesimulator*]" = YES;
				"INFOPLIST_KEY_UILaunchScreen_Generation[sdk=iphoneos*]" = YES;
				"INFOPLIST_KEY_UILaunchScreen_Generation[sdk=iphonesimulator*]" = YES;
				"INFOPLIST_KEY_UIStatusBarStyle[sdk=iphoneos*]" = UIStatusBarStyleDefault;
				"INFOPLIST_KEY_UIStatusBarStyle[sdk=iphonesimulator*]" = UIStatusBarStyleDefault;
				INFOPLIST_KEY_UISupportedInterfaceOrientations_iPad = "UIInterfaceOrientationPortrait UIInterfaceOrientationPortraitUpsideDown UIInterfaceOrientationLandscapeLeft UIInterfaceOrientationLandscapeRight";
				INFOPLIST_KEY_UISupportedInterfaceOrientations_iPhone = "UIInterfaceOrientationPortrait UIInterfaceOrientationLandscapeLeft UIInterfaceOrientationLandscapeRight";
				IPHONEOS_DEPLOYMENT_TARGET = 17.2;
				LD_RUNPATH_SEARCH_PATHS = "@executable_path/Frameworks";
				"LD_RUNPATH_SEARCH_PATHS[sdk=macosx*]" = "@executable_path/../Frameworks";
				MACOSX_DEPLOYMENT_TARGET = 14.2;
				MARKETING_VERSION = 1.0;
				PRODUCT_BUNDLE_IDENTIFIER = com.blork.Demo;
				PRODUCT_NAME = "$(TARGET_NAME)";
				SDKROOT = auto;
				SUPPORTED_PLATFORMS = "iphoneos iphonesimulator";
				SUPPORTS_MACCATALYST = NO;
				SWIFT_EMIT_LOC_STRINGS = YES;
				SWIFT_VERSION = 5.0;
				TARGETED_DEVICE_FAMILY = 1;
			};
			name = Release;
		};
/* End XCBuildConfiguration section */

/* Begin XCConfigurationList section */
		CBB5ABE52B7FAADA00546D3B /* Build configuration list for PBXNativeTarget "BrowsePhotosMiniApp" */ = {
			isa = XCConfigurationList;
			buildConfigurations = (
				CBB5ABE32B7FAADA00546D3B /* Debug */,
				CBB5ABE42B7FAADA00546D3B /* Release */,
			);
			defaultConfigurationIsVisible = 0;
			defaultConfigurationName = Release;
		};
		CBB5ABFE2B7FB29D00546D3B /* Build configuration list for PBXNativeTarget "NearbyMiniApp" */ = {
			isa = XCConfigurationList;
			buildConfigurations = (
				CBB5ABFF2B7FB29D00546D3B /* Debug */,
				CBB5AC002B7FB29D00546D3B /* Release */,
			);
			defaultConfigurationIsVisible = 0;
			defaultConfigurationName = Release;
		};
		CBEDBA7F2B751CA400E2220E /* Build configuration list for PBXProject "Demo" */ = {
			isa = XCConfigurationList;
			buildConfigurations = (
				CBEDBAA72B751CA600E2220E /* Debug */,
				CBEDBAA82B751CA600E2220E /* Release */,
			);
			defaultConfigurationIsVisible = 0;
			defaultConfigurationName = Release;
		};
		CBEDBAA92B751CA600E2220E /* Build configuration list for PBXNativeTarget "Demo" */ = {
			isa = XCConfigurationList;
			buildConfigurations = (
				CBEDBAAA2B751CA600E2220E /* Debug */,
				CBEDBAAB2B751CA600E2220E /* Release */,
			);
			defaultConfigurationIsVisible = 0;
			defaultConfigurationName = Release;
		};
/* End XCConfigurationList section */

/* Begin XCSwiftPackageProductDependency section */
		CBB5ABE62B7FAAF900546D3B /* BrowsePhotos */ = {
			isa = XCSwiftPackageProductDependency;
			productName = BrowsePhotos;
		};
		CBB5ABEC2B7FB22E00546D3B /* Nearby */ = {
			isa = XCSwiftPackageProductDependency;
			productName = Nearby;
		};
		CBB5AC032B7FB2E300546D3B /* Nearby */ = {
			isa = XCSwiftPackageProductDependency;
			productName = Nearby;
		};
		CBCA46E42B7BCE2600CA6793 /* BrowsePhotos */ = {
			isa = XCSwiftPackageProductDependency;
			productName = BrowsePhotos;
		};
/* End XCSwiftPackageProductDependency section */
	};
	rootObject = CBEDBA7C2B751CA400E2220E /* Project object */;
}
